
Microsoft Visual Studio Solution File, Format Version 12.00
Project("{FAE04EC0-301F-11D3-BF4B-00C04F79EFBC}") = "MazeSolution", "MazeSolution\MazeSolution.csproj", "{6F7043CB-46DD-4F53-8AE1-43120A5304EB}"
EndProject
Project("{FAE04EC0-301F-11D3-BF4B-00C04F79EFBC}") = "MazeSolutionTest", "MazeSolutionTest\MazeSolutionTest.csproj", "{9065E50C-8D37-4309-9984-8C5543429F54}"
EndProject
Global
	GlobalSection(SolutionConfigurationPlatforms) = preSolution
		Debug|Any CPU = Debug|Any CPU
		Release|Any CPU = Release|Any CPU
	EndGlobalSection
	GlobalSection(ProjectConfigurationPlatforms) = postSolution
		{6F7043CB-46DD-4F53-8AE1-43120A5304EB}.Debug|Any CPU.ActiveCfg = Debug|Any CPU
		{6F7043CB-46DD-4F53-8AE1-43120A5304EB}.Debug|Any CPU.Build.0 = Debug|Any CPU
		{6F7043CB-46DD-4F53-8AE1-43120A5304EB}.Release|Any CPU.ActiveCfg = Release|Any CPU
		{6F7043CB-46DD-4F53-8AE1-43120A5304EB}.Release|Any CPU.Build.0 = Release|Any CPU
		{9065E50C-8D37-4309-9984-8C5543429F54}.Debug|Any CPU.ActiveCfg = Debug|Any CPU
		{9065E50C-8D37-4309-9984-8C5543429F54}.Debug|Any CPU.Build.0 = Debug|Any CPU
		{9065E50C-8D37-4309-9984-8C5543429F54}.Release|Any CPU.ActiveCfg = Release|Any CPU
		{9065E50C-8D37-4309-9984-8C5543429F54}.Release|Any CPU.Build.0 = Release|Any CPU
	EndGlobalSection
EndGlobal
